PODS:
  - BSGridCollectionViewLayout (1.2.0)

DEPENDENCIES:
  - BSGridCollectionViewLayout (from `../`)

EXTERNAL SOURCES:
  BSGridCollectionViewLayout:
    :path: "../"

SPEC CHECKSUMS:
  BSGridCollectionViewLayout: 192eb79045fe996f40f744da4e37f6e90c6d0db2

PODFILE CHECKSUM: b1dddde9459cca96e8baf616c229b9561a1c9a3a

COCOAPODS: 1.2.1
